
Microsoft Visual Studio Solution File, Format Version 12.00
# Visual Studio Version 17
VisualStudioVersion = 17.0.31903.59
MinimumVisualStudioVersion = 10.0.40219.1
Project("{FAE04EC0-301F-11D3-BF4B-00C04F79EFBC}") = "MPP.API", "MPP.API\MPP.API.csproj", "{48532A7C-DE2D-4C74-A5F9-52298AFE8565}"
EndProject
Project("{FAE04EC0-301F-11D3-BF4B-00C04F79EFBC}") = "MPP.Job", "MPP.Job\MPP.Job.csproj", "{21E983D9-D896-4494-A02C-A3E0C31BFB6F}"
EndProject
Global
	GlobalSection(SolutionConfigurationPlatforms) = preSolution
		Debug|Any CPU = Debug|Any CPU
		Release|Any CPU = Release|Any CPU
	EndGlobalSection
	GlobalSection(SolutionProperties) = preSolution
		HideSolutionNode = FALSE
	EndGlobalSection
	GlobalSection(ProjectConfigurationPlatforms) = postSolution
		{48532A7C-DE2D-4C74-A5F9-52298AFE8565}.Debug|Any CPU.ActiveCfg = Debug|Any CPU
		{48532A7C-DE2D-4C74-A5F9-52298AFE8565}.Debug|Any CPU.Build.0 = Debug|Any CPU
		{48532A7C-DE2D-4C74-A5F9-52298AFE8565}.Release|Any CPU.ActiveCfg = Release|Any CPU
		{48532A7C-DE2D-4C74-A5F9-52298AFE8565}.Release|Any CPU.Build.0 = Release|Any CPU
		{21E983D9-D896-4494-A02C-A3E0C31BFB6F}.Debug|Any CPU.ActiveCfg = Debug|Any CPU
		{21E983D9-D896-4494-A02C-A3E0C31BFB6F}.Debug|Any CPU.Build.0 = Debug|Any CPU
		{21E983D9-D896-4494-A02C-A3E0C31BFB6F}.Release|Any CPU.ActiveCfg = Release|Any CPU
		{21E983D9-D896-4494-A02C-A3E0C31BFB6F}.Release|Any CPU.Build.0 = Release|Any CPU
	EndGlobalSection
EndGlobal
